
Microsoft Visual Studio Solution File, Format Version 12.00
# Visual Studio Version 17
VisualStudioVersion = 17.0.32014.148
MinimumVisualStudioVersion = 10.0.40219.1
Project("{FAE04EC0-301F-11D3-BF4B-00C04F79EFBC}") = "CircleAreaAlgorithm", "CircleAreaAlgorithm\CircleAreaAlgorithm.csproj", "{B3E0CEBD-1B14-4C13-A089-C66812755A1C}"
EndProject
Project("{FAE04EC0-301F-11D3-BF4B-00C04F79EFBC}") = "AhombusAreaAlgorithm", "AhombusAreaAlgorithm\AhombusAreaAlgorithm.csproj", "{1BE64CB7-D418-462B-A18A-893319D611B5}"
EndProject
Global
	GlobalSection(SolutionConfigurationPlatforms) = preSolution
		Debug|Any CPU = Debug|Any CPU
		Release|Any CPU = Release|Any CPU
	EndGlobalSection
	GlobalSection(ProjectConfigurationPlatforms) = postSolution
		{B3E0CEBD-1B14-4C13-A089-C66812755A1C}.Debug|Any CPU.ActiveCfg = Debug|Any CPU
		{B3E0CEBD-1B14-4C13-A089-C66812755A1C}.Debug|Any CPU.Build.0 = Debug|Any CPU
		{B3E0CEBD-1B14-4C13-A089-C66812755A1C}.Release|Any CPU.ActiveCfg = Release|Any CPU
		{B3E0CEBD-1B14-4C13-A089-C66812755A1C}.Release|Any CPU.Build.0 = Release|Any CPU
		{1BE64CB7-D418-462B-A18A-893319D611B5}.Debug|Any CPU.ActiveCfg = Debug|Any CPU
		{1BE64CB7-D418-462B-A18A-893319D611B5}.Debug|Any CPU.Build.0 = Debug|Any CPU
		{1BE64CB7-D418-462B-A18A-893319D611B5}.Release|Any CPU.ActiveCfg = Release|Any CPU
		{1BE64CB7-D418-462B-A18A-893319D611B5}.Release|Any CPU.Build.0 = Release|Any CPU
	EndGlobalSection
	GlobalSection(SolutionProperties) = preSolution
		HideSolutionNode = FALSE
	EndGlobalSection
	GlobalSection(ExtensibilityGlobals) = postSolution
		SolutionGuid = {03586D34-426F-4779-A61C-06BDE200B129}
	EndGlobalSection
EndGlobal
